Microsoft Visual Studio Solution File, Format Version 12.00
# Visual Studio Version 17
VisualStudioVersion = 17.5.2.0
MinimumVisualStudioVersion = 10.0.40219.1
Project("{FAE04EC0-301F-11D3-BF4B-00C04F79EFBC}") = "EntradaDados", "EntradaDados.csproj", "{B3C10AC1-7437-5E2E-F3AC-B7F6DC7FAF95}"
EndProject
Global
	GlobalSection(SolutionConfigurationPlatforms) = preSolution
		Debug|Any CPU = Debug|Any CPU
		Release|Any CPU = Release|Any CPU
	EndGlobalSection
	GlobalSection(ProjectConfigurationPlatforms) = postSolution
		{B3C10AC1-7437-5E2E-F3AC-B7F6DC7FAF95}.Debug|Any CPU.ActiveCfg = Debug|Any CPU
		{B3C10AC1-7437-5E2E-F3AC-B7F6DC7FAF95}.Debug|Any CPU.Build.0 = Debug|Any CPU
		{B3C10AC1-7437-5E2E-F3AC-B7F6DC7FAF95}.Release|Any CPU.ActiveCfg = Release|Any CPU
		{B3C10AC1-7437-5E2E-F3AC-B7F6DC7FAF95}.Release|Any CPU.Build.0 = Release|Any CPU
	EndGlobalSection
	GlobalSection(SolutionProperties) = preSolution
		HideSolutionNode = FALSE
	EndGlobalSection
	GlobalSection(ExtensibilityGlobals) = postSolution
		SolutionGuid = {1EAF8E6E-4276-4431-9190-D1343473264D}
	EndGlobalSection
EndGlobal
