Microsoft Visual Studio Solution File, Format Version 12.00
# Visual Studio Version 17
VisualStudioVersion = 17.5.2.0
MinimumVisualStudioVersion = 10.0.40219.1
Project("{FAE04EC0-301F-11D3-BF4B-00C04F79EFBC}") = "OperadorAtribuicao", "OperadorAtribuicao.csproj", "{2B80C404-DBAC-DFED-DE39-BAB5E7F09382}"
EndProject
Global
	GlobalSection(SolutionConfigurationPlatforms) = preSolution
		Debug|Any CPU = Debug|Any CPU
		Release|Any CPU = Release|Any CPU
	EndGlobalSection
	GlobalSection(ProjectConfigurationPlatforms) = postSolution
		{2B80C404-DBAC-DFED-DE39-BAB5E7F09382}.Debug|Any CPU.ActiveCfg = Debug|Any CPU
		{2B80C404-DBAC-DFED-DE39-BAB5E7F09382}.Debug|Any CPU.Build.0 = Debug|Any CPU
		{2B80C404-DBAC-DFED-DE39-BAB5E7F09382}.Release|Any CPU.ActiveCfg = Release|Any CPU
		{2B80C404-DBAC-DFED-DE39-BAB5E7F09382}.Release|Any CPU.Build.0 = Release|Any CPU
	EndGlobalSection
	GlobalSection(SolutionProperties) = preSolution
		HideSolutionNode = FALSE
	EndGlobalSection
	GlobalSection(ExtensibilityGlobals) = postSolution
		SolutionGuid = {21390BF3-474D-464D-B193-0282F62D3AF6}
	EndGlobalSection
EndGlobal
